{
  "version": 4,
  "terraform_version": "1.3.3",
  "serial": 327,
  "lineage": "592c8e91-08dd-a49d-3f08-07d867a96ffe",
  "outputs": {},
  "resources": [
    {
      "mode": "managed",
      "type": "google_compute_global_address",
      "name": "private_ip_alloc",
      "provider": "provider[\"registry.terraform.io/hashicorp/google\"]",
      "instances": [
        {
          "schema_version": 0,
          "attributes": {
            "address": "10.73.0.0",
            "address_type": "INTERNAL",
            "creation_timestamp": "2022-12-08T00:39:07.194-08:00",
            "description": "",
            "id": "projects/plated-planet-370902/global/addresses/private-ip-alloc",
            "ip_version": "",
            "name": "private-ip-alloc",
            "network": "https://www.googleapis.com/compute/v1/projects/plated-planet-370902/global/networks/tokyo-vpc",
            "prefix_length": 16,
            "project": "plated-planet-370902",
            "purpose": "VPC_PEERING",
            "self_link": "https://www.googleapis.com/compute/v1/projects/plated-planet-370902/global/addresses/private-ip-alloc",
            "timeouts": null
          },
          "sensitive_attributes": [],
          "private": "eyJlMmJmYjczMC1lY2FhLTExZTYtOGY4OC0zNDM2M2JjN2M0YzAiOnsiY3JlYXRlIjoxMjAwMDAwMDAwMDAwLCJkZWxldGUiOjEyMDAwMDAwMDAwMDB9fQ==",
          "dependencies": [
            "google_compute_network.tokyo_vpc"
          ]
        }
      ]
    },
    {
      "mode": "managed",
      "type": "google_compute_network",
      "name": "tokyo_vpc",
      "provider": "provider[\"registry.terraform.io/hashicorp/google\"]",
      "instances": [
        {
          "schema_version": 0,
          "attributes": {
            "auto_create_subnetworks": false,
            "delete_default_routes_on_create": false,
            "description": "",
            "enable_ula_internal_ipv6": false,
            "gateway_ipv4": "",
            "id": "projects/plated-planet-370902/global/networks/tokyo-vpc",
            "internal_ipv6_range": "",
            "mtu": 0,
            "name": "tokyo-vpc",
            "project": "plated-planet-370902",
            "routing_mode": "REGIONAL",
            "self_link": "https://www.googleapis.com/compute/v1/projects/plated-planet-370902/global/networks/tokyo-vpc",
            "timeouts": null
          },
          "sensitive_attributes": [],
          "private": "eyJlMmJmYjczMC1lY2FhLTExZTYtOGY4OC0zNDM2M2JjN2M0YzAiOnsiY3JlYXRlIjoxMjAwMDAwMDAwMDAwLCJkZWxldGUiOjEyMDAwMDAwMDAwMDAsInVwZGF0ZSI6MTIwMDAwMDAwMDAwMH19"
        }
      ]
    },
    {
      "mode": "managed",
      "type": "google_service_networking_connection",
      "name": "default",
      "provider": "provider[\"registry.terraform.io/hashicorp/google\"]",
      "instances": [
        {
          "schema_version": 0,
          "attributes": {
            "id": "projects%2Fplated-planet-370902%2Fglobal%2Fnetworks%2Ftokyo-vpc:servicenetworking.googleapis.com",
            "network": "projects/plated-planet-370902/global/networks/tokyo-vpc",
            "peering": "servicenetworking-googleapis-com",
            "reserved_peering_ranges": [
              "private-ip-alloc"
            ],
            "service": "servicenetworking.googleapis.com",
            "timeouts": null
          },
          "sensitive_attributes": [],
          "private": "eyJlMmJmYjczMC1lY2FhLTExZTYtOGY4OC0zNDM2M2JjN2M0YzAiOnsiY3JlYXRlIjo2MDAwMDAwMDAwMDAsImRlbGV0ZSI6NjAwMDAwMDAwMDAwLCJ1cGRhdGUiOjYwMDAwMDAwMDAwMH19",
          "dependencies": [
            "google_compute_global_address.private_ip_alloc",
            "google_compute_network.tokyo_vpc"
          ]
        }
      ]
    },
    {
      "mode": "managed",
      "type": "google_sql_database_instance",
      "name": "database",
      "provider": "provider[\"registry.terraform.io/hashicorp/google\"]",
      "instances": [
        {
          "schema_version": 0,
          "attributes": {
            "available_maintenance_versions": [],
            "clone": [],
            "connection_name": "plated-planet-370902:us-west1:database",
            "database_version": "MYSQL_8_0",
            "deletion_protection": true,
            "encryption_key_name": null,
            "first_ip_address": "10.73.0.3",
            "id": "database",
            "ip_address": [
              {
                "ip_address": "10.73.0.3",
                "time_to_retire": "",
                "type": "PRIVATE"
              }
            ],
            "maintenance_version": "MYSQL_8_0_26.R20221108.00_02",
            "master_instance_name": "",
            "name": "database",
            "private_ip_address": "10.73.0.3",
            "project": "plated-planet-370902",
            "public_ip_address": "",
            "region": "us-west1",
            "replica_configuration": [],
            "restore_backup_context": [],
            "root_password": null,
            "self_link": "https://sqladmin.googleapis.com/sql/v1beta4/projects/plated-planet-370902/instances/database",
            "server_ca_cert": [
              {
                "cert": "-----BEGIN CERTIFICATE-----\nMIIDfzCCAmegAwIBAgIBADANBgkqhkiG9w0BAQsFADB3MS0wKwYDVQQuEyQ1ODZh\nZWQ5ZS0xYTYxLTQ4NjctYTQ1NS0xNjY1ZTY5Nzg2MGYxIzAhBgNVBAMTGkdvb2ds\nZSBDbG91ZCBTUUwgU2VydmVyIENBMRQwEgYDVQQKEwtHb29nbGUsIEluYzELMAkG\nA1UEBhMCVVMwHhcNMjIxMjA4MDg0MjI0WhcNMzIxMjA1MDg0MzI0WjB3MS0wKwYD\nVQQuEyQ1ODZhZWQ5ZS0xYTYxLTQ4NjctYTQ1NS0xNjY1ZTY5Nzg2MGYxIzAhBgNV\nBAMTGkdvb2dsZSBDbG91ZCBTUUwgU2VydmVyIENBMRQwEgYDVQQKEwtHb29nbGUs\nIEluYzELMAkGA1UEBhMCVVMwggEiMA0GCSqGSIb3DQEBAQUAA4IBDwAwggEKAoIB\nAQCiTtY8ke0+sM1hBNSavWp2YmaoUaYfSvlXryEOPAIFE0mcuD8yOru6sUdVz8By\nOjt1/GrlNwiZfG/MBZH8/8pJ9QS0zh8iYwLiXDDgcw8sMS4efWldH0Uvi33msMYW\nr3DtQQHPZCa3m2HUrYqZGnf/HF4MflGqDOemr0aOtTkTtqQReOK3k9Ot40SQutkn\n43il+7oTttHA9RhGLms1p8B5Ctf58hAK6bB1byviOM4uauCv2Ltze4Dif97TkDIg\n4zlYdJR8PnI1A9AOFv0BhI/cgF4F43WiZ8qd0mGXg38+w3/Jy03XRvV0zZr9JLEJ\n1pmuPINx3IKx256qrC5AapnhAgMBAAGjFjAUMBIGA1UdEwEB/wQIMAYBAf8CAQAw\nDQYJKoZIhvcNAQELBQADggEBAI9E6GrbdljqeA9jvB9hkr9QwyFT4kL0ZDVtJEkg\nu9xZdjGEY60UvruwKsDCVE8uUkclmdWcTHZ4mjWTRrnyCi16R13ekNO2HstTNk3+\nl2IwA5qwboZb/jnU8ovpXdxv4tJ3jJqtHC5BPVkUgHj4o7vqPIqbUrjb6wv9mOji\nxohYMHMZRdHagfPhjGNyGZxjcvIxeSrkRr3gvbiga6tkP9CoLdNp5xUP/LT4tDB5\nzpC6KAQIC4oDNz/WxZS46LM41MwyqetZThDnsE8vGO7flNZCLXUzFOYPXnfv60A3\n0s31ozd3TBtsbJ1PZg3mtvxgKTua1ce0z7hqAFCr4bS8tFw=\n-----END CERTIFICATE-----",
                "common_name": "C=US,O=Google\\, Inc,CN=Google Cloud SQL Server CA,dnQualifier=586aed9e-1a61-4867-a455-1665e697860f",
                "create_time": "2022-12-08T08:42:24.591Z",
                "expiration_time": "2032-12-05T08:43:24.591Z",
                "sha1_fingerprint": "9e6df9943931d672e6ba97c0f09c76ccd864439a"
              }
            ],
            "service_account_email_address": "p1015391824016-yeqhv9@gcp-sa-cloud-sql.iam.gserviceaccount.com",
            "settings": [
              {
                "activation_policy": "ALWAYS",
                "active_directory_config": [],
                "availability_type": "ZONAL",
                "backup_configuration": [
                  {
                    "backup_retention_settings": [
                      {
                        "retained_backups": 7,
                        "retention_unit": "COUNT"
                      }
                    ],
                    "binary_log_enabled": false,
                    "enabled": false,
                    "location": "",
                    "point_in_time_recovery_enabled": false,
                    "start_time": "18:00",
                    "transaction_log_retention_days": 7
                  }
                ],
                "collation": "",
                "connector_enforcement": "NOT_REQUIRED",
                "database_flags": [],
                "deny_maintenance_period": [],
                "disk_autoresize": true,
                "disk_autoresize_limit": 0,
                "disk_size": 10,
                "disk_type": "PD_SSD",
                "insights_config": [],
                "ip_configuration": [
                  {
                    "allocated_ip_range": "",
                    "authorized_networks": [],
                    "ipv4_enabled": false,
                    "private_network": "projects/plated-planet-370902/global/networks/tokyo-vpc",
                    "require_ssl": false
                  }
                ],
                "location_preference": [
                  {
                    "follow_gae_application": "",
                    "secondary_zone": "",
                    "zone": "us-west1-a"
                  }
                ],
                "maintenance_window": [],
                "password_validation_policy": [],
                "pricing_plan": "PER_USE",
                "sql_server_audit_config": [],
                "tier": "db-f1-micro",
                "time_zone": "",
                "user_labels": {},
                "version": 3
              }
            ],
            "timeouts": null
          },
          "sensitive_attributes": [],
          "private": "eyJlMmJmYjczMC1lY2FhLTExZTYtOGY4OC0zNDM2M2JjN2M0YzAiOnsiY3JlYXRlIjoxODAwMDAwMDAwMDAwLCJkZWxldGUiOjE4MDAwMDAwMDAwMDAsInVwZGF0ZSI6MTgwMDAwMDAwMDAwMH19",
          "dependencies": [
            "google_compute_global_address.private_ip_alloc",
            "google_compute_network.tokyo_vpc",
            "google_service_networking_connection.default"
          ]
        }
      ]
    }
  ],
  "check_results": []
}
